
Microsoft Visual Studio Solution File, Format Version 12.00
# Visual Studio Version 16
VisualStudioVersion = 16.0.29509.3
MinimumVisualStudioVersion = 10.0.40219.1
Project("{2150E333-8FDC-42A3-9474-1A3956D46DE8}") = "src", "src", "{85869553-DBDB-4EB9-8CB0-DD9DBDADE96E}"
	ProjectSection(SolutionItems) = preProject
		src\aplib.c = src\aplib.c
		src\asm_misc.s = src\asm_misc.s
		src\bios.s = src\bios.s
		src\debug.c = src\debug.c
		src\drawer.c = src\drawer.c
		src\fx.c = src\fx.c
		src\gbfs.c = src\gbfs.c
		src\input.c = src\input.c
		src\intdispatch.s = src\intdispatch.s
		src\interrupt.c = src\interrupt.c
		src\jpg.c = src\jpg.c
		src\memcpy.s = src\memcpy.s
		src\misc.c = src\misc.c
		src\oam.c = src\oam.c
		src\pcx.c = src\pcx.c
		src\pucrunch.s = src\pucrunch.s
		src\rng.c = src\rng.c
		src\rtc.s = src\rtc.s
		src\text.c = src\text.c
		src\video.c = src\video.c
	EndProjectSection
EndProject
Project("{2150E333-8FDC-42A3-9474-1A3956D46DE8}") = "include", "include", "{366B13DD-6AA0-4CBB-840A-727A353BC640}"
	ProjectSection(SolutionItems) = preProject
		include\agbtypes.h = include\agbtypes.h
		include\hrt_asminc.h = include\hrt_asminc.h
		include\hrt_bios.h = include\hrt_bios.h
		include\hrt_debug.h = include\hrt_debug.h
		include\hrt_drawer.h = include\hrt_drawer.h
		include\hrt_fx.h = include\hrt_fx.h
		include\hrt_input.h = include\hrt_input.h
		include\hrt_interrupt.h = include\hrt_interrupt.h
		include\hrt_memmap.h = include\hrt_memmap.h
		include\hrt_misc.h = include\hrt_misc.h
		include\hrt_oam.h = include\hrt_oam.h
		include\hrt_text.h = include\hrt_text.h
		include\hrt_types.h = include\hrt_types.h
		include\hrt_video.h = include\hrt_video.h
		include\libheart.h = include\libheart.h
		include\maxmod.h = include\maxmod.h
	EndProjectSection
EndProject
Project("{2150E333-8FDC-42A3-9474-1A3956D46DE8}") = "make", "make", "{D67F5F79-2438-4895-ACF4-349F3D85248D}"
	ProjectSection(SolutionItems) = preProject
		makefile = makefile
	EndProjectSection
EndProject
Global
	GlobalSection(SolutionProperties) = preSolution
		HideSolutionNode = FALSE
	EndGlobalSection
	GlobalSection(ExtensibilityGlobals) = postSolution
		SolutionGuid = {F5565E2A-1C31-46AA-93C4-84DE2C377ABF}
	EndGlobalSection
EndGlobal
